
Microsoft Visual Studio Solution File, Format Version 12.00
# Visual Studio Version 17
VisualStudioVersion = 17.11.35222.181
MinimumVisualStudioVersion = 10.0.40219.1
Project("{FAE04EC0-301F-11D3-BF4B-00C04F79EFBC}") = "ScienceCenter", "ScienceCenter\ScienceCenter.csproj", "{CF0B4D0E-ABF5-4E17-93C6-9A08D19826AF}"
EndProject
Global
	GlobalSection(SolutionConfigurationPlatforms) = preSolution
		Debug|Any CPU = Debug|Any CPU
		Release|Any CPU = Release|Any CPU
	EndGlobalSection
	GlobalSection(ProjectConfigurationPlatforms) = postSolution
		{CF0B4D0E-ABF5-4E17-93C6-9A08D19826AF}.Debug|Any CPU.ActiveCfg = Debug|Any CPU
		{CF0B4D0E-ABF5-4E17-93C6-9A08D19826AF}.Debug|Any CPU.Build.0 = Debug|Any CPU
		{CF0B4D0E-ABF5-4E17-93C6-9A08D19826AF}.Release|Any CPU.ActiveCfg = Release|Any CPU
		{CF0B4D0E-ABF5-4E17-93C6-9A08D19826AF}.Release|Any CPU.Build.0 = Release|Any CPU
	EndGlobalSection
	GlobalSection(SolutionProperties) = preSolution
		HideSolutionNode = FALSE
	EndGlobalSection
	GlobalSection(ExtensibilityGlobals) = postSolution
		SolutionGuid = {A97E2DDE-8C24-42F0-AC1D-201C1C0F597E}
	EndGlobalSection
EndGlobal
